
Microsoft Visual Studio Solution File, Format Version 12.00
# Visual Studio Version 17
VisualStudioVersion = 17.1.32421.90
MinimumVisualStudioVersion = 10.0.40219.1
Project("{9A19103F-16F7-4668-BE54-9A1E7A4F7556}") = "Vraag_1", "Vraag_1\Vraag_1.csproj", "{F600D08D-2D07-4F30-BA2A-2682B1CAE0C8}"
EndProject
Project("{9A19103F-16F7-4668-BE54-9A1E7A4F7556}") = "Vraag_2", "Vraag_2\Vraag_2.csproj", "{D13F96E5-0A4F-42E1-BCED-EB01F7113042}"
EndProject
Project("{9A19103F-16F7-4668-BE54-9A1E7A4F7556}") = "Vraag_3", "Vraag_3\Vraag_3.csproj", "{2F4CC728-9EC6-4C37-B309-19AE7324185A}"
EndProject
Project("{9A19103F-16F7-4668-BE54-9A1E7A4F7556}") = "Vraag_4", "Vraag_4\Vraag_4.csproj", "{CE0EB050-276C-4277-BA22-BD5A0F48F2A6}"
EndProject
Project("{9A19103F-16F7-4668-BE54-9A1E7A4F7556}") = "Vraag_5", "Vraag_5\Vraag_5.csproj", "{AD8407FA-3FF2-4AF0-9EF2-CDB203D97F99}"
EndProject
Project("{2150E333-8FDC-42A3-9474-1A3956D46DE8}") = "Examples", "Examples", "{13E7CC6E-2F17-4279-A134-88D4A7F3234B}"
EndProject
Project("{9A19103F-16F7-4668-BE54-9A1E7A4F7556}") = "Voorbeeld_1", "Voorbeeld_1\Voorbeeld_1.csproj", "{B935FBDB-0830-403A-8EF6-FC245AF90B9C}"
EndProject
Project("{9A19103F-16F7-4668-BE54-9A1E7A4F7556}") = "Voorbeeld_2", "Voorbeeld_2\Voorbeeld_2.csproj", "{B202B538-7BFF-4894-B068-76EB5B71570F}"
EndProject
Project("{9A19103F-16F7-4668-BE54-9A1E7A4F7556}") = "Voorbeeld_3", "Voorbeeld_3.1\Voorbeeld_3.csproj", "{F4FBA2C0-8395-449D-A01B-61162C6E625C}"
EndProject
Project("{9A19103F-16F7-4668-BE54-9A1E7A4F7556}") = "Voorbeeld_4", "Voorbeeld_4\Voorbeeld_4.csproj", "{726E4D94-D998-446E-94F4-7FFC278A5670}"
EndProject
Project("{9A19103F-16F7-4668-BE54-9A1E7A4F7556}") = "Voorbeeld_5", "Voorbeeld_5\Voorbeeld_5.csproj", "{29129AE0-9CA4-4E73-8B66-29E1CF840EB2}"
EndProject
Project("{9A19103F-16F7-4668-BE54-9A1E7A4F7556}") = "Vraag_6", "Vraag_6\Vraag_6.csproj", "{D5BC6EE5-2201-4C67-B93A-4C6655056FAC}"
EndProject
Project("{9A19103F-16F7-4668-BE54-9A1E7A4F7556}") = "Voorbeeld_6", "Voorbeeld_6\Voorbeeld_6.csproj", "{6752F02F-A878-4D8A-BBC4-81BA287D879D}"
EndProject
Project("{9A19103F-16F7-4668-BE54-9A1E7A4F7556}") = "Voorbeeld_7", "Voorbeeld_7\Voorbeeld_7.csproj", "{942DD62D-9344-495D-8FE2-7208BBB70C7C}"
EndProject
Project("{9A19103F-16F7-4668-BE54-9A1E7A4F7556}") = "Voorbeeld_8", "Voorbeeld_8\Voorbeeld_8.csproj", "{FF8E72B2-6F02-490B-921C-FE442B65BDF9}"
EndProject
Project("{9A19103F-16F7-4668-BE54-9A1E7A4F7556}") = "Vraag_1-1", "Vraag_1-1\Vraag_1-1.csproj", "{6C634F03-5E2C-42B7-8574-EFAB5DD36EB7}"
EndProject
Project("{9A19103F-16F7-4668-BE54-9A1E7A4F7556}") = "Vraag_2-1", "Vraag_2-1\Vraag_2-1.csproj", "{BE5653BA-E393-40BA-BD38-1A5C07EF525E}"
EndProject
Project("{9A19103F-16F7-4668-BE54-9A1E7A4F7556}") = "Vraag_3-1", "Vraag_3-1\Vraag_3-1.csproj", "{F2C01120-0CB2-475D-AB41-35042DA797E6}"
EndProject
Project("{9A19103F-16F7-4668-BE54-9A1E7A4F7556}") = "Vraag_7", "Vraag_7\Vraag_7.csproj", "{4F7D0BED-2734-44F0-B2E5-BF0D12D1810B}"
EndProject
Project("{FAE04EC0-301F-11D3-BF4B-00C04F79EFBC}") = "Voorbeeld_9", "Voorbeeld_9\Voorbeeld_9.csproj", "{37BD0110-6B39-4ED0-A056-0A003B3B2008}"
EndProject
Global
	GlobalSection(SolutionConfigurationPlatforms) = preSolution
		Debug|Any CPU = Debug|Any CPU
		Release|Any CPU = Release|Any CPU
	EndGlobalSection
	GlobalSection(ProjectConfigurationPlatforms) = postSolution
		{F600D08D-2D07-4F30-BA2A-2682B1CAE0C8}.Debug|Any CPU.ActiveCfg = Debug|Any CPU
		{F600D08D-2D07-4F30-BA2A-2682B1CAE0C8}.Debug|Any CPU.Build.0 = Debug|Any CPU
		{F600D08D-2D07-4F30-BA2A-2682B1CAE0C8}.Release|Any CPU.ActiveCfg = Release|Any CPU
		{F600D08D-2D07-4F30-BA2A-2682B1CAE0C8}.Release|Any CPU.Build.0 = Release|Any CPU
		{D13F96E5-0A4F-42E1-BCED-EB01F7113042}.Debug|Any CPU.ActiveCfg = Debug|Any CPU
		{D13F96E5-0A4F-42E1-BCED-EB01F7113042}.Debug|Any CPU.Build.0 = Debug|Any CPU
		{D13F96E5-0A4F-42E1-BCED-EB01F7113042}.Release|Any CPU.ActiveCfg = Release|Any CPU
		{D13F96E5-0A4F-42E1-BCED-EB01F7113042}.Release|Any CPU.Build.0 = Release|Any CPU
		{2F4CC728-9EC6-4C37-B309-19AE7324185A}.Debug|Any CPU.ActiveCfg = Debug|Any CPU
		{2F4CC728-9EC6-4C37-B309-19AE7324185A}.Debug|Any CPU.Build.0 = Debug|Any CPU
		{2F4CC728-9EC6-4C37-B309-19AE7324185A}.Release|Any CPU.ActiveCfg = Release|Any CPU
		{2F4CC728-9EC6-4C37-B309-19AE7324185A}.Release|Any CPU.Build.0 = Release|Any CPU
		{CE0EB050-276C-4277-BA22-BD5A0F48F2A6}.Debug|Any CPU.ActiveCfg = Debug|Any CPU
		{CE0EB050-276C-4277-BA22-BD5A0F48F2A6}.Debug|Any CPU.Build.0 = Debug|Any CPU
		{CE0EB050-276C-4277-BA22-BD5A0F48F2A6}.Release|Any CPU.ActiveCfg = Release|Any CPU
		{CE0EB050-276C-4277-BA22-BD5A0F48F2A6}.Release|Any CPU.Build.0 = Release|Any CPU
		{AD8407FA-3FF2-4AF0-9EF2-CDB203D97F99}.Debug|Any CPU.ActiveCfg = Debug|Any CPU
		{AD8407FA-3FF2-4AF0-9EF2-CDB203D97F99}.Debug|Any CPU.Build.0 = Debug|Any CPU
		{AD8407FA-3FF2-4AF0-9EF2-CDB203D97F99}.Release|Any CPU.ActiveCfg = Release|Any CPU
		{AD8407FA-3FF2-4AF0-9EF2-CDB203D97F99}.Release|Any CPU.Build.0 = Release|Any CPU
		{B935FBDB-0830-403A-8EF6-FC245AF90B9C}.Debug|Any CPU.ActiveCfg = Debug|Any CPU
		{B935FBDB-0830-403A-8EF6-FC245AF90B9C}.Debug|Any CPU.Build.0 = Debug|Any CPU
		{B935FBDB-0830-403A-8EF6-FC245AF90B9C}.Release|Any CPU.ActiveCfg = Release|Any CPU
		{B935FBDB-0830-403A-8EF6-FC245AF90B9C}.Release|Any CPU.Build.0 = Release|Any CPU
		{B202B538-7BFF-4894-B068-76EB5B71570F}.Debug|Any CPU.ActiveCfg = Debug|Any CPU
		{B202B538-7BFF-4894-B068-76EB5B71570F}.Debug|Any CPU.Build.0 = Debug|Any CPU
		{B202B538-7BFF-4894-B068-76EB5B71570F}.Release|Any CPU.ActiveCfg = Release|Any CPU
		{B202B538-7BFF-4894-B068-76EB5B71570F}.Release|Any CPU.Build.0 = Release|Any CPU
		{F4FBA2C0-8395-449D-A01B-61162C6E625C}.Debug|Any CPU.ActiveCfg = Debug|Any CPU
		{F4FBA2C0-8395-449D-A01B-61162C6E625C}.Debug|Any CPU.Build.0 = Debug|Any CPU
		{F4FBA2C0-8395-449D-A01B-61162C6E625C}.Release|Any CPU.ActiveCfg = Release|Any CPU
		{F4FBA2C0-8395-449D-A01B-61162C6E625C}.Release|Any CPU.Build.0 = Release|Any CPU
		{726E4D94-D998-446E-94F4-7FFC278A5670}.Debug|Any CPU.ActiveCfg = Debug|Any CPU
		{726E4D94-D998-446E-94F4-7FFC278A5670}.Debug|Any CPU.Build.0 = Debug|Any CPU
		{726E4D94-D998-446E-94F4-7FFC278A5670}.Release|Any CPU.ActiveCfg = Release|Any CPU
		{726E4D94-D998-446E-94F4-7FFC278A5670}.Release|Any CPU.Build.0 = Release|Any CPU
		{29129AE0-9CA4-4E73-8B66-29E1CF840EB2}.Debug|Any CPU.ActiveCfg = Debug|Any CPU
		{29129AE0-9CA4-4E73-8B66-29E1CF840EB2}.Debug|Any CPU.Build.0 = Debug|Any CPU
		{29129AE0-9CA4-4E73-8B66-29E1CF840EB2}.Release|Any CPU.ActiveCfg = Release|Any CPU
		{29129AE0-9CA4-4E73-8B66-29E1CF840EB2}.Release|Any CPU.Build.0 = Release|Any CPU
		{D5BC6EE5-2201-4C67-B93A-4C6655056FAC}.Debug|Any CPU.ActiveCfg = Debug|Any CPU
		{D5BC6EE5-2201-4C67-B93A-4C6655056FAC}.Debug|Any CPU.Build.0 = Debug|Any CPU
		{D5BC6EE5-2201-4C67-B93A-4C6655056FAC}.Release|Any CPU.ActiveCfg = Release|Any CPU
		{D5BC6EE5-2201-4C67-B93A-4C6655056FAC}.Release|Any CPU.Build.0 = Release|Any CPU
		{6752F02F-A878-4D8A-BBC4-81BA287D879D}.Debug|Any CPU.ActiveCfg = Debug|Any CPU
		{6752F02F-A878-4D8A-BBC4-81BA287D879D}.Debug|Any CPU.Build.0 = Debug|Any CPU
		{6752F02F-A878-4D8A-BBC4-81BA287D879D}.Release|Any CPU.ActiveCfg = Release|Any CPU
		{6752F02F-A878-4D8A-BBC4-81BA287D879D}.Release|Any CPU.Build.0 = Release|Any CPU
		{942DD62D-9344-495D-8FE2-7208BBB70C7C}.Debug|Any CPU.ActiveCfg = Debug|Any CPU
		{942DD62D-9344-495D-8FE2-7208BBB70C7C}.Debug|Any CPU.Build.0 = Debug|Any CPU
		{942DD62D-9344-495D-8FE2-7208BBB70C7C}.Release|Any CPU.ActiveCfg = Release|Any CPU
		{942DD62D-9344-495D-8FE2-7208BBB70C7C}.Release|Any CPU.Build.0 = Release|Any CPU
		{FF8E72B2-6F02-490B-921C-FE442B65BDF9}.Debug|Any CPU.ActiveCfg = Debug|Any CPU
		{FF8E72B2-6F02-490B-921C-FE442B65BDF9}.Debug|Any CPU.Build.0 = Debug|Any CPU
		{FF8E72B2-6F02-490B-921C-FE442B65BDF9}.Release|Any CPU.ActiveCfg = Release|Any CPU
		{FF8E72B2-6F02-490B-921C-FE442B65BDF9}.Release|Any CPU.Build.0 = Release|Any CPU
		{6C634F03-5E2C-42B7-8574-EFAB5DD36EB7}.Debug|Any CPU.ActiveCfg = Debug|Any CPU
		{6C634F03-5E2C-42B7-8574-EFAB5DD36EB7}.Debug|Any CPU.Build.0 = Debug|Any CPU
		{6C634F03-5E2C-42B7-8574-EFAB5DD36EB7}.Release|Any CPU.ActiveCfg = Release|Any CPU
		{6C634F03-5E2C-42B7-8574-EFAB5DD36EB7}.Release|Any CPU.Build.0 = Release|Any CPU
		{BE5653BA-E393-40BA-BD38-1A5C07EF525E}.Debug|Any CPU.ActiveCfg = Debug|Any CPU
		{BE5653BA-E393-40BA-BD38-1A5C07EF525E}.Debug|Any CPU.Build.0 = Debug|Any CPU
		{BE5653BA-E393-40BA-BD38-1A5C07EF525E}.Release|Any CPU.ActiveCfg = Release|Any CPU
		{BE5653BA-E393-40BA-BD38-1A5C07EF525E}.Release|Any CPU.Build.0 = Release|Any CPU
		{F2C01120-0CB2-475D-AB41-35042DA797E6}.Debug|Any CPU.ActiveCfg = Debug|Any CPU
		{F2C01120-0CB2-475D-AB41-35042DA797E6}.Debug|Any CPU.Build.0 = Debug|Any CPU
		{F2C01120-0CB2-475D-AB41-35042DA797E6}.Release|Any CPU.ActiveCfg = Release|Any CPU
		{F2C01120-0CB2-475D-AB41-35042DA797E6}.Release|Any CPU.Build.0 = Release|Any CPU
		{4F7D0BED-2734-44F0-B2E5-BF0D12D1810B}.Debug|Any CPU.ActiveCfg = Debug|Any CPU
		{4F7D0BED-2734-44F0-B2E5-BF0D12D1810B}.Debug|Any CPU.Build.0 = Debug|Any CPU
		{4F7D0BED-2734-44F0-B2E5-BF0D12D1810B}.Release|Any CPU.ActiveCfg = Release|Any CPU
		{4F7D0BED-2734-44F0-B2E5-BF0D12D1810B}.Release|Any CPU.Build.0 = Release|Any CPU
		{37BD0110-6B39-4ED0-A056-0A003B3B2008}.Debug|Any CPU.ActiveCfg = Debug|Any CPU
		{37BD0110-6B39-4ED0-A056-0A003B3B2008}.Debug|Any CPU.Build.0 = Debug|Any CPU
		{37BD0110-6B39-4ED0-A056-0A003B3B2008}.Release|Any CPU.ActiveCfg = Release|Any CPU
		{37BD0110-6B39-4ED0-A056-0A003B3B2008}.Release|Any CPU.Build.0 = Release|Any CPU
	EndGlobalSection
	GlobalSection(SolutionProperties) = preSolution
		HideSolutionNode = FALSE
	EndGlobalSection
	GlobalSection(NestedProjects) = preSolution
		{B935FBDB-0830-403A-8EF6-FC245AF90B9C} = {13E7CC6E-2F17-4279-A134-88D4A7F3234B}
		{B202B538-7BFF-4894-B068-76EB5B71570F} = {13E7CC6E-2F17-4279-A134-88D4A7F3234B}
		{F4FBA2C0-8395-449D-A01B-61162C6E625C} = {13E7CC6E-2F17-4279-A134-88D4A7F3234B}
		{726E4D94-D998-446E-94F4-7FFC278A5670} = {13E7CC6E-2F17-4279-A134-88D4A7F3234B}
		{29129AE0-9CA4-4E73-8B66-29E1CF840EB2} = {13E7CC6E-2F17-4279-A134-88D4A7F3234B}
		{6752F02F-A878-4D8A-BBC4-81BA287D879D} = {13E7CC6E-2F17-4279-A134-88D4A7F3234B}
		{942DD62D-9344-495D-8FE2-7208BBB70C7C} = {13E7CC6E-2F17-4279-A134-88D4A7F3234B}
		{FF8E72B2-6F02-490B-921C-FE442B65BDF9} = {13E7CC6E-2F17-4279-A134-88D4A7F3234B}
		{37BD0110-6B39-4ED0-A056-0A003B3B2008} = {13E7CC6E-2F17-4279-A134-88D4A7F3234B}
	EndGlobalSection
	GlobalSection(ExtensibilityGlobals) = postSolution
		SolutionGuid = {C09AC5A1-92B7-4AB3-9354-333E21D7634F}
	EndGlobalSection
EndGlobal
